
Microsoft Visual Studio Solution File, Format Version 12.00
# Visual Studio 15
VisualStudioVersion = 15.0.28307.1259
MinimumVisualStudioVersion = 10.0.40219.1
Project("{888888A0-9F3D-457C-B088-3A5042F75D52}") = "Choose-a-Game", "Choose-a-Game\Choose-a-Game.pyproj", "{D30CCE00-3C27-4099-8049-F85AE06EFEE2}"
EndProject
Global
	GlobalSection(SolutionConfigurationPlatforms) = preSolution
		Debug|Any CPU = Debug|Any CPU
		Release|Any CPU = Release|Any CPU
	EndGlobalSection
	GlobalSection(ProjectConfigurationPlatforms) = postSolution
		{D30CCE00-3C27-4099-8049-F85AE06EFEE2}.Debug|Any CPU.ActiveCfg = Debug|Any CPU
		{D30CCE00-3C27-4099-8049-F85AE06EFEE2}.Release|Any CPU.ActiveCfg = Release|Any CPU
	EndGlobalSection
	GlobalSection(SolutionProperties) = preSolution
		HideSolutionNode = FALSE
	EndGlobalSection
	GlobalSection(ExtensibilityGlobals) = postSolution
		SolutionGuid = {8DA43CB4-CA17-4F2F-B7DF-72AE484EFF6E}
	EndGlobalSection
EndGlobal
